// !$*UTF8*$!
{
	archiveVersion = 1;
	classes = {
	};
	objectVersion = 46;
	objects = {

/* Begin PBXBuildFile section */
		2221F0D71C633482006863D1 /* SettingsViewController.m in Sources */ = {isa = PBXBuildFile; fileRef = 2221F0D61C633482006863D1 /* SettingsViewController.m */; };
		2221F0DA1C6334EC006863D1 /* MyPlanViewController.m in Sources */ = {isa = PBXBuildFile; fileRef = 2221F0D91C6334EC006863D1 /* MyPlanViewController.m */; };
		2221F0DD1C633505006863D1 /* MyUsageViewController.m in Sources */ = {isa = PBXBuildFile; fileRef = 2221F0DC1C633505006863D1 /* MyUsageViewController.m */; };
		22302DB71C63611B00A03011 /* abc.png in Resources */ = {isa = PBXBuildFile; fileRef = 22302DB61C63611B00A03011 /* abc.png */; };
		22302DBB1C63698100A03011 /* asdf.png in Resources */ = {isa = PBXBuildFile; fileRef = 22302DBA1C63698100A03011 /* asdf.png */; };
		223C24921C647E05002BFA7E /* LocationTracker.m in Sources */ = {isa = PBXBuildFile; fileRef = 223C248D1C647E05002BFA7E /* LocationTracker.m */; settings = {COMPILER_FLAGS = "-fno-objc-arc"; }; };
		223C24931C647E05002BFA7E /* BackgroundTaskManager.m in Sources */ = {isa = PBXBuildFile; fileRef = 223C248F1C647E05002BFA7E /* BackgroundTaskManager.m */; };
		223C24941C647E05002BFA7E /* LocationShareModel.m in Sources */ = {isa = PBXBuildFile; fileRef = 223C24911C647E05002BFA7E /* LocationShareModel.m */; };
		2277FD5C1C64C2E90084A206 /* PopUpViewController.m in Sources */ = {isa = PBXBuildFile; fileRef = 2277FD5B1C64C2E90084A206 /* PopUpViewController.m */; };
		22B2221F1C60B86B0028E7DB /* splash_screen.png in Resources */ = {isa = PBXBuildFile; fileRef = 22B2221E1C60B86B0028E7DB /* splash_screen.png */; };
		22B222221C60B8FF0028E7DB /* redknee_logo326ppi.png in Resources */ = {isa = PBXBuildFile; fileRef = 22B222201C60B8FF0028E7DB /* redknee_logo326ppi.png */; };
		22B222231C60B8FF0028E7DB /* smart_logo_326ppi.png in Resources */ = {isa = PBXBuildFile; fileRef = 22B222211C60B8FF0028E7DB /* smart_logo_326ppi.png */; };
		22B222261C60C0080028E7DB /* LoginViewController.m in Sources */ = {isa = PBXBuildFile; fileRef = 22B222251C60C0080028E7DB /* LoginViewController.m */; };
		22C466EB1C6855F4003A74D8 /* CommonView.m in Sources */ = {isa = PBXBuildFile; fileRef = 22C466EA1C6855F4003A74D8 /* CommonView.m */; };
		22C466ED1C685620003A74D8 /* CommonView.xib in Resources */ = {isa = PBXBuildFile; fileRef = 22C466EC1C685620003A74D8 /* CommonView.xib */; };
		22C466EF1C686F86003A74D8 /* Recommended.plist in Resources */ = {isa = PBXBuildFile; fileRef = 22C466EE1C686F86003A74D8 /* Recommended.plist */; };
		22C466F11C689B86003A74D8 /* BestOffer.plist in Resources */ = {isa = PBXBuildFile; fileRef = 22C466F01C689B86003A74D8 /* BestOffer.plist */; };
		22F461541C637677003A95FB /* pinkimg.png in Resources */ = {isa = PBXBuildFile; fileRef = 22F461511C637677003A95FB /* pinkimg.png */; };
		22F461551C637677003A95FB /* grayimg.png in Resources */ = {isa = PBXBuildFile; fileRef = 22F461521C637677003A95FB /* grayimg.png */; };
		22F461571C637755003A95FB /* slideThumb.png in Resources */ = {isa = PBXBuildFile; fileRef = 22F461561C637755003A95FB /* slideThumb.png */; };
		40304E5A1C5E8147008E3EE5 /* main.m in Sources */ = {isa = PBXBuildFile; fileRef = 40304E591C5E8147008E3EE5 /* main.m */; };
		40304E5D1C5E8147008E3EE5 /* AppDelegate.m in Sources */ = {isa = PBXBuildFile; fileRef = 40304E5C1C5E8147008E3EE5 /* AppDelegate.m */; };
		40304E601C5E8147008E3EE5 /* ViewController.m in Sources */ = {isa = PBXBuildFile; fileRef = 40304E5F1C5E8147008E3EE5 /* ViewController.m */; };
		40304E631C5E8147008E3EE5 /* Main.storyboard in Resources */ = {isa = PBXBuildFile; fileRef = 40304E611C5E8147008E3EE5 /* Main.storyboard */; };
		40304E651C5E8147008E3EE5 /* Assets.xcassets in Resources */ = {isa = PBXBuildFile; fileRef = 40304E641C5E8147008E3EE5 /* Assets.xcassets */; };
		40304E681C5E8147008E3EE5 /* LaunchScreen.storyboard in Resources */ = {isa = PBXBuildFile; fileRef = 40304E661C5E8147008E3EE5 /* LaunchScreen.storyboard */; };
		40304E731C5E8147008E3EE5 /* RedkneeTests.m in Sources */ = {isa = PBXBuildFile; fileRef = 40304E721C5E8147008E3EE5 /* RedkneeTests.m */; };
		40304E7E1C5E8147008E3EE5 /* RedkneeUITests.m in Sources */ = {isa = PBXBuildFile; fileRef = 40304E7D1C5E8147008E3EE5 /* RedkneeUITests.m */; };
		40304E8D1C5E82A5008E3EE5 /* CarrierModel.m in Sources */ = {isa = PBXBuildFile; fileRef = 40304E8C1C5E82A5008E3EE5 /* CarrierModel.m */; };
		40304E901C5E82E6008E3EE5 /* CoreTelephony.framework in Frameworks */ = {isa = PBXBuildFile; fileRef = 40304E8F1C5E82E6008E3EE5 /* CoreTelephony.framework */; };
		40474A531C618C2C00959AC7 /* NetworkExtension.framework in Frameworks */ = {isa = PBXBuildFile; fileRef = 40474A521C618C2C00959AC7 /* NetworkExtension.framework */; };
		4061234C1C66E186009A85A7 /* PNScatterChart.m in Sources */ = {isa = PBXBuildFile; fileRef = 4061232B1C66E186009A85A7 /* PNScatterChart.m */; };
		4061234D1C66E186009A85A7 /* PNScatterChartData.m in Sources */ = {isa = PBXBuildFile; fileRef = 4061232D1C66E186009A85A7 /* PNScatterChartData.m */; };
		4061234E1C66E186009A85A7 /* PNScatterChartDataItem.m in Sources */ = {isa = PBXBuildFile; fileRef = 4061232F1C66E186009A85A7 /* PNScatterChartDataItem.m */; };
		4061234F1C66E186009A85A7 /* PNChartLabel.m in Sources */ = {isa = PBXBuildFile; fileRef = 406123331C66E186009A85A7 /* PNChartLabel.m */; };
		406123501C66E186009A85A7 /* PNColor.m in Sources */ = {isa = PBXBuildFile; fileRef = 406123351C66E186009A85A7 /* PNColor.m */; };
		406123511C66E186009A85A7 /* PNBar.m in Sources */ = {isa = PBXBuildFile; fileRef = 406123371C66E186009A85A7 /* PNBar.m */; };
		406123521C66E186009A85A7 /* PNBarChart.m in Sources */ = {isa = PBXBuildFile; fileRef = 406123391C66E186009A85A7 /* PNBarChart.m */; };
		406123531C66E186009A85A7 /* PNCircleChart.m in Sources */ = {isa = PBXBuildFile; fileRef = 4061233B1C66E186009A85A7 /* PNCircleChart.m */; };
		406123541C66E186009A85A7 /* PNLineChart.m in Sources */ = {isa = PBXBuildFile; fileRef = 4061233D1C66E186009A85A7 /* PNLineChart.m */; };
		406123551C66E186009A85A7 /* PNLineChartData.m in Sources */ = {isa = PBXBuildFile; fileRef = 4061233F1C66E186009A85A7 /* PNLineChartData.m */; };
		406123561C66E186009A85A7 /* PNLineChartDataItem.m in Sources */ = {isa = PBXBuildFile; fileRef = 406123411C66E186009A85A7 /* PNLineChartDataItem.m */; };
		406123571C66E186009A85A7 /* PNPieChart.m in Sources */ = {isa = PBXBuildFile; fileRef = 406123431C66E186009A85A7 /* PNPieChart.m */; };
		406123581C66E186009A85A7 /* PNPieChartDataItem.m in Sources */ = {isa = PBXBuildFile; fileRef = 406123451C66E186009A85A7 /* PNPieChartDataItem.m */; };
		406123591C66E186009A85A7 /* PNGenericChart.m in Sources */ = {isa = PBXBuildFile; fileRef = 406123471C66E186009A85A7 /* PNGenericChart.m */; };
		4061235A1C66E186009A85A7 /* PNRadarChart.m in Sources */ = {isa = PBXBuildFile; fileRef = 406123491C66E186009A85A7 /* PNRadarChart.m */; };
		4061235B1C66E186009A85A7 /* PNRadarChartDataItem.m in Sources */ = {isa = PBXBuildFile; fileRef = 4061234B1C66E186009A85A7 /* PNRadarChartDataItem.m */; };
		406F168F1C60374E003AF8F5 /* MFSideMenuContainerViewController.m in Sources */ = {isa = PBXBuildFile; fileRef = 406F168A1C60374E003AF8F5 /* MFSideMenuContainerViewController.m */; };
		406F16901C60374E003AF8F5 /* UIViewController+MFSideMenuAdditions.m in Sources */ = {isa = PBXBuildFile; fileRef = 406F168C1C60374E003AF8F5 /* UIViewController+MFSideMenuAdditions.m */; };
		406F16911C60374E003AF8F5 /* MFSideMenuShadow.m in Sources */ = {isa = PBXBuildFile; fileRef = 406F168E1C60374E003AF8F5 /* MFSideMenuShadow.m */; };
		406F16941C603814003AF8F5 /* SideMenuViewController.m in Sources */ = {isa = PBXBuildFile; fileRef = 406F16931C603814003AF8F5 /* SideMenuViewController.m */; };
		407F9A751C680BF500E1AF34 /* SKSTableView.m in Sources */ = {isa = PBXBuildFile; fileRef = 407F9A6E1C680BF500E1AF34 /* SKSTableView.m */; };
		407F9A761C680BF500E1AF34 /* SKSTableViewCell.m in Sources */ = {isa = PBXBuildFile; fileRef = 407F9A701C680BF500E1AF34 /* SKSTableViewCell.m */; };
		407F9A771C680BF500E1AF34 /* SKSTableViewCellIndicator.m in Sources */ = {isa = PBXBuildFile; fileRef = 407F9A721C680BF500E1AF34 /* SKSTableViewCellIndicator.m */; };
		407F9A781C680BF500E1AF34 /* expandableImage.png in Resources */ = {isa = PBXBuildFile; fileRef = 407F9A731C680BF500E1AF34 /* expandableImage.png */; };
		407F9A791C680BF500E1AF34 /* expandableImage@2x.png in Resources */ = {isa = PBXBuildFile; fileRef = 407F9A741C680BF500E1AF34 /* expandableImage@2x.png */; };
		407F9A7C1C6813F700E1AF34 /* MyCustomeCell.m in Sources */ = {isa = PBXBuildFile; fileRef = 407F9A7B1C6813F700E1AF34 /* MyCustomeCell.m */; };
		408375BD1C5EE19200B5E7F6 /* YSLContainerViewController.m in Sources */ = {isa = PBXBuildFile; fileRef = 408375BA1C5EE19200B5E7F6 /* YSLContainerViewController.m */; };
		408375BE1C5EE19200B5E7F6 /* YSLScrollMenuView.m in Sources */ = {isa = PBXBuildFile; fileRef = 408375BC1C5EE19200B5E7F6 /* YSLScrollMenuView.m */; };
		408375C11C5EE2FA00B5E7F6 /* CurrentPlansViewController.m in Sources */ = {isa = PBXBuildFile; fileRef = 408375C01C5EE2FA00B5E7F6 /* CurrentPlansViewController.m */; };
		408375C41C5EE31400B5E7F6 /* BestOffersViewController.m in Sources */ = {isa = PBXBuildFile; fileRef = 408375C31C5EE31400B5E7F6 /* BestOffersViewController.m */; };
		408375C71C5EE33000B5E7F6 /* RecommendedPlansViewController.m in Sources */ = {isa = PBXBuildFile; fileRef = 408375C61C5EE33000B5E7F6 /* RecommendedPlansViewController.m */; };
		408375D51C5EEBBC00B5E7F6 /* Reachability.m in Sources */ = {isa = PBXBuildFile; fileRef = 408375D41C5EEBBC00B5E7F6 /* Reachability.m */; };
		408375D81C5EEFF500B5E7F6 /* WifiModel.m in Sources */ = {isa = PBXBuildFile; fileRef = 408375D71C5EEFF500B5E7F6 /* WifiModel.m */; };
		408375DA1C5EF02900B5E7F6 /* SystemConfiguration.framework in Frameworks */ = {isa = PBXBuildFile; fileRef = 408375D91C5EF02800B5E7F6 /* SystemConfiguration.framework */; };
		A3A6E5281C6324E300947770 /* Geotification.m in Sources */ = {isa = PBXBuildFile; fileRef = A3A6E5251C6324E300947770 /* Geotification.m */; };
		A3A6E5291C6324E300947770 /* Utilities.m in Sources */ = {isa = PBXBuildFile; fileRef = A3A6E5271C6324E300947770 /* Utilities.m */; };
/* End PBXBuildFile section */

/* Begin PBXContainerItemProxy section */
		40304E6F1C5E8147008E3EE5 /* PBXContainerItemProxy */ = {
			isa = PBXContainerItemProxy;
			containerPortal = 40304E4D1C5E8146008E3EE5 /* Project object */;
			proxyType = 1;
			remoteGlobalIDString = 40304E541C5E8146008E3EE5;
			remoteInfo = Redknee;
		};
		40304E7A1C5E8147008E3EE5 /* PBXContainerItemProxy */ = {
			isa = PBXContainerItemProxy;
			containerPortal = 40304E4D1C5E8146008E3EE5 /* Project object */;
			proxyType = 1;
			remoteGlobalIDString = 40304E541C5E8146008E3EE5;
			remoteInfo = Redknee;
		};
/* End PBXContainerItemProxy section */

/* Begin PBXCopyFilesBuildPhase section */
		224E735A1C638EB900BFA7F4 /* CopyFiles */ = {
			isa = PBXCopyFilesBuildPhase;
			buildActionMask = 2147483647;
			dstPath = "";
			dstSubfolderSpec = 7;
			files = (
			);
			runOnlyForDeploymentPostprocessing = 0;
		};
/* End PBXCopyFilesBuildPhase section */

/* Begin PBXFileReference section */
		2221F0D51C633482006863D1 /* SettingsViewController.h */ = {isa = PBXFileReference; fileEncoding = 4; lastKnownFileType = sourcecode.c.h; path = SettingsViewController.h; sourceTree = "<group>"; };
		2221F0D61C633482006863D1 /* SettingsViewController.m */ = {isa = PBXFileReference; fileEncoding = 4; lastKnownFileType = sourcecode.c.objc; path = SettingsViewController.m; sourceTree = "<group>"; };
		2221F0D81C6334EC006863D1 /* MyPlanViewController.h */ = {isa = PBXFileReference; fileEncoding = 4; lastKnownFileType = sourcecode.c.h; path = MyPlanViewController.h; sourceTree = "<group>"; };
		2221F0D91C6334EC006863D1 /* MyPlanViewController.m */ = {isa = PBXFileReference; fileEncoding = 4; lastKnownFileType = sourcecode.c.objc; path = MyPlanViewController.m; sourceTree = "<group>"; };
		2221F0DB1C633505006863D1 /* MyUsageViewController.h */ = {isa = PBXFileReference; fileEncoding = 4; lastKnownFileType = sourcecode.c.h; path = MyUsageViewController.h; sourceTree = "<group>"; };
		2221F0DC1C633505006863D1 /* MyUsageViewController.m */ = {isa = PBXFileReference; fileEncoding = 4; lastKnownFileType = sourcecode.c.objc; path = MyUsageViewController.m; sourceTree = "<group>"; };
		22302DB61C63611B00A03011 /* abc.png */ = {isa = PBXFileReference; lastKnownFileType = image.png; path = abc.png; sourceTree = "<group>"; };
		22302DBA1C63698100A03011 /* asdf.png */ = {isa = PBXFileReference; lastKnownFileType = image.png; path = asdf.png; sourceTree = "<group>"; };
		223C248C1C647E05002BFA7E /* LocationTracker.h */ = {isa = PBXFileReference; fileEncoding = 4; lastKnownFileType = sourcecode.c.h; path = LocationTracker.h; sourceTree = "<group>"; };
		223C248D1C647E05002BFA7E /* LocationTracker.m */ = {isa = PBXFileReference; fileEncoding = 4; lastKnownFileType = sourcecode.c.objc; path = LocationTracker.m; sourceTree = "<group>"; };
		223C248E1C647E05002BFA7E /* BackgroundTaskManager.h */ = {isa = PBXFileReference; fileEncoding = 4; lastKnownFileType = sourcecode.c.h; path = BackgroundTaskManager.h; sourceTree = "<group>"; };
		223C248F1C647E05002BFA7E /* BackgroundTaskManager.m */ = {isa = PBXFileReference; fileEncoding = 4; lastKnownFileType = sourcecode.c.objc; path = BackgroundTaskManager.m; sourceTree = "<group>"; };
		223C24901C647E05002BFA7E /* LocationShareModel.h */ = {isa = PBXFileReference; fileEncoding = 4; lastKnownFileType = sourcecode.c.h; path = LocationShareModel.h; sourceTree = "<group>"; };
		223C24911C647E05002BFA7E /* LocationShareModel.m */ = {isa = PBXFileReference; fileEncoding = 4; lastKnownFileType = sourcecode.c.objc; path = LocationShareModel.m; sourceTree = "<group>"; };
		2277FD5A1C64C2E90084A206 /* PopUpViewController.h */ = {isa = PBXFileReference; fileEncoding = 4; lastKnownFileType = sourcecode.c.h; path = PopUpViewController.h; sourceTree = "<group>"; };
		2277FD5B1C64C2E90084A206 /* PopUpViewController.m */ = {isa = PBXFileReference; fileEncoding = 4; lastKnownFileType = sourcecode.c.objc; path = PopUpViewController.m; sourceTree = "<group>"; };
		22B2221E1C60B86B0028E7DB /* splash_screen.png */ = {isa = PBXFileReference; lastKnownFileType = image.png; path = splash_screen.png; sourceTree = "<group>"; };
		22B222201C60B8FF0028E7DB /* redknee_logo326ppi.png */ = {isa = PBXFileReference; lastKnownFileType = image.png; path = redknee_logo326ppi.png; sourceTree = "<group>"; };
		22B222211C60B8FF0028E7DB /* smart_logo_326ppi.png */ = {isa = PBXFileReference; lastKnownFileType = image.png; path = smart_logo_326ppi.png; sourceTree = "<group>"; };
		22B222241C60C0080028E7DB /* LoginViewController.h */ = {isa = PBXFileReference; fileEncoding = 4; lastKnownFileType = sourcecode.c.h; path = LoginViewController.h; sourceTree = "<group>"; };
		22B222251C60C0080028E7DB /* LoginViewController.m */ = {isa = PBXFileReference; fileEncoding = 4; lastKnownFileType = sourcecode.c.objc; path = LoginViewController.m; sourceTree = "<group>"; };
		22C466E91C6855F4003A74D8 /* CommonView.h */ = {isa = PBXFileReference; fileEncoding = 4; lastKnownFileType = sourcecode.c.h; path = CommonView.h; sourceTree = "<group>"; };
		22C466EA1C6855F4003A74D8 /* CommonView.m */ = {isa = PBXFileReference; fileEncoding = 4; lastKnownFileType = sourcecode.c.objc; path = CommonView.m; sourceTree = "<group>"; };
		22C466EC1C685620003A74D8 /* CommonView.xib */ = {isa = PBXFileReference; fileEncoding = 4; lastKnownFileType = file.xib; path = CommonView.xib; sourceTree = "<group>"; };
		22C466EE1C686F86003A74D8 /* Recommended.plist */ = {isa = PBXFileReference; fileEncoding = 4; lastKnownFileType = text.plist.xml; path = Recommended.plist; sourceTree = "<group>"; };
		22C466F01C689B86003A74D8 /* BestOffer.plist */ = {isa = PBXFileReference; fileEncoding = 4; lastKnownFileType = text.plist.xml; path = BestOffer.plist; sourceTree = "<group>"; };
		22F461511C637677003A95FB /* pinkimg.png */ = {isa = PBXFileReference; lastKnownFileType = image.png; path = pinkimg.png; sourceTree = "<group>"; };
		22F461521C637677003A95FB /* grayimg.png */ = {isa = PBXFileReference; lastKnownFileType = image.png; path = grayimg.png; sourceTree = "<group>"; };
		22F461561C637755003A95FB /* slideThumb.png */ = {isa = PBXFileReference; lastKnownFileType = image.png; path = slideThumb.png; sourceTree = "<group>"; };
		40304E551C5E8146008E3EE5 /* Redknee.app */ = {isa = PBXFileReference; explicitFileType = wrapper.application; includeInIndex = 0; path = Redknee.app; sourceTree = BUILT_PRODUCTS_DIR; };
		40304E591C5E8147008E3EE5 /* main.m */ = {isa = PBXFileReference; lastKnownFileType = sourcecode.c.objc; path = main.m; sourceTree = "<group>"; };
		40304E5B1C5E8147008E3EE5 /* AppDelegate.h */ = {isa = PBXFileReference; lastKnownFileType = sourcecode.c.h; path = AppDelegate.h; sourceTree = "<group>"; };
		40304E5C1C5E8147008E3EE5 /* AppDelegate.m */ = {isa = PBXFileReference; lastKnownFileType = sourcecode.c.objc; path = AppDelegate.m; sourceTree = "<group>"; };
		40304E5E1C5E8147008E3EE5 /* ViewController.h */ = {isa = PBXFileReference; lastKnownFileType = sourcecode.c.h; path = ViewController.h; sourceTree = "<group>"; };
		40304E5F1C5E8147008E3EE5 /* ViewController.m */ = {isa = PBXFileReference; lastKnownFileType = sourcecode.c.objc; path = ViewController.m; sourceTree = "<group>"; };
		40304E621C5E8147008E3EE5 /* Base */ = {isa = PBXFileReference; lastKnownFileType = file.storyboard; name = Base; path = Base.lproj/Main.storyboard; sourceTree = "<group>"; };
		40304E641C5E8147008E3EE5 /* Assets.xcassets */ = {isa = PBXFileReference; lastKnownFileType = folder.assetcatalog; path = Assets.xcassets; sourceTree = "<group>"; };
		40304E671C5E8147008E3EE5 /* Base */ = {isa = PBXFileReference; lastKnownFileType = file.storyboard; name = Base; path = Base.lproj/LaunchScreen.storyboard; sourceTree = "<group>"; };
		40304E691C5E8147008E3EE5 /* Info.plist */ = {isa = PBXFileReference; lastKnownFileType = text.plist.xml; path = Info.plist; sourceTree = "<group>"; };
		40304E6E1C5E8147008E3EE5 /* RedkneeTests.xctest */ = {isa = PBXFileReference; explicitFileType = wrapper.cfbundle; includeInIndex = 0; path = RedkneeTests.xctest; sourceTree = BUILT_PRODUCTS_DIR; };
		40304E721C5E8147008E3EE5 /* RedkneeTests.m */ = {isa = PBXFileReference; lastKnownFileType = sourcecode.c.objc; path = RedkneeTests.m; sourceTree = "<group>"; };
		40304E741C5E8147008E3EE5 /* Info.plist */ = {isa = PBXFileReference; lastKnownFileType = text.plist.xml; path = Info.plist; sourceTree = "<group>"; };
		40304E791C5E8147008E3EE5 /* RedkneeUITests.xctest */ = {isa = PBXFileReference; explicitFileType = wrapper.cfbundle; includeInIndex = 0; path = RedkneeUITests.xctest; sourceTree = BUILT_PRODUCTS_DIR; };
		40304E7D1C5E8147008E3EE5 /* RedkneeUITests.m */ = {isa = PBXFileReference; lastKnownFileType = sourcecode.c.objc; path = RedkneeUITests.m; sourceTree = "<group>"; };
		40304E7F1C5E8147008E3EE5 /* Info.plist */ = {isa = PBXFileReference; lastKnownFileType = text.plist.xml; path = Info.plist; sourceTree = "<group>"; };
		40304E8B1C5E82A4008E3EE5 /* CarrierModel.h */ = {isa = PBXFileReference; fileEncoding = 4; lastKnownFileType = sourcecode.c.h; path = CarrierModel.h; sourceTree = "<group>"; };
		40304E8C1C5E82A5008E3EE5 /* CarrierModel.m */ = {isa = PBXFileReference; fileEncoding = 4; lastKnownFileType = sourcecode.c.objc; path = CarrierModel.m; sourceTree = "<group>"; };
		40304E8F1C5E82E6008E3EE5 /* CoreTelephony.framework */ = {isa = PBXFileReference; lastKnownFileType = wrapper.framework; name = CoreTelephony.framework; path = System/Library/Frameworks/CoreTelephony.framework; sourceTree = SDKROOT; };
		40474A521C618C2C00959AC7 /* NetworkExtension.framework */ = {isa = PBXFileReference; lastKnownFileType = wrapper.framework; name = NetworkExtension.framework; path = System/Library/Frameworks/NetworkExtension.framework; sourceTree = SDKROOT; };
		4061232A1C66E186009A85A7 /* PNScatterChart.h */ = {isa = PBXFileReference; fileEncoding = 4; lastKnownFileType = sourcecode.c.h; path = PNScatterChart.h; sourceTree = "<group>"; };
		4061232B1C66E186009A85A7 /* PNScatterChart.m */ = {isa = PBXFileReference; fileEncoding = 4; lastKnownFileType = sourcecode.c.objc; path = PNScatterChart.m; sourceTree = "<group>"; };
		4061232C1C66E186009A85A7 /* PNScatterChartData.h */ = {isa = PBXFileReference; fileEncoding = 4; lastKnownFileType = sourcecode.c.h; path = PNScatterChartData.h; sourceTree = "<group>"; };
		4061232D1C66E186009A85A7 /* PNScatterChartData.m */ = {isa = PBXFileReference; fileEncoding = 4; lastKnownFileType = sourcecode.c.objc; path = PNScatterChartData.m; sourceTree = "<group>"; };
		4061232E1C66E186009A85A7 /* PNScatterChartDataItem.h */ = {isa = PBXFileReference; fileEncoding = 4; lastKnownFileType = sourcecode.c.h; path = PNScatterChartDataItem.h; sourceTree = "<group>"; };
		4061232F1C66E186009A85A7 /* PNScatterChartDataItem.m */ = {isa = PBXFileReference; fileEncoding = 4; lastKnownFileType = sourcecode.c.objc; path = PNScatterChartDataItem.m; sourceTree = "<group>"; };
		406123301C66E186009A85A7 /* PNChart.h */ = {isa = PBXFileReference; fileEncoding = 4; lastKnownFileType = sourcecode.c.h; path = PNChart.h; sourceTree = "<group>"; };
		406123311C66E186009A85A7 /* PNChartDelegate.h */ = {isa = PBXFileReference; fileEncoding = 4; lastKnownFileType = sourcecode.c.h; path = PNChartDelegate.h; sourceTree = "<group>"; };
		406123321C66E186009A85A7 /* PNChartLabel.h */ = {isa = PBXFileReference; fileEncoding = 4; lastKnownFileType = sourcecode.c.h; path = PNChartLabel.h; sourceTree = "<group>"; };
		406123331C66E186009A85A7 /* PNChartLabel.m */ = {isa = PBXFileReference; fileEncoding = 4; lastKnownFileType = sourcecode.c.objc; path = PNChartLabel.m; sourceTree = "<group>"; };
		406123341C66E186009A85A7 /* PNColor.h */ = {isa = PBXFileReference; fileEncoding = 4; lastKnownFileType = sourcecode.c.h; path = PNColor.h; sourceTree = "<group>"; };
		406123351C66E186009A85A7 /* PNColor.m */ = {isa = PBXFileReference; fileEncoding = 4; lastKnownFileType = sourcecode.c.objc; path = PNColor.m; sourceTree = "<group>"; };
		406123361C66E186009A85A7 /* PNBar.h */ = {isa = PBXFileReference; fileEncoding = 4; lastKnownFileType = sourcecode.c.h; path = PNBar.h; sourceTree = "<group>"; };
		406123371C66E186009A85A7 /* PNBar.m */ = {isa = PBXFileReference; fileEncoding = 4; lastKnownFileType = sourcecode.c.objc; path = PNBar.m; sourceTree = "<group>"; };
		406123381C66E186009A85A7 /* PNBarChart.h */ = {isa = PBXFileReference; fileEncoding = 4; lastKnownFileType = sourcecode.c.h; path = PNBarChart.h; sourceTree = "<group>"; };
		406123391C66E186009A85A7 /* PNBarChart.m */ = {isa = PBXFileReference; fileEncoding = 4; lastKnownFileType = sourcecode.c.objc; path = PNBarChart.m; sourceTree = "<group>"; };
		4061233A1C66E186009A85A7 /* PNCircleChart.h */ = {isa = PBXFileReference; fileEncoding = 4; lastKnownFileType = sourcecode.c.h; path = PNCircleChart.h; sourceTree = "<group>"; };
		4061233B1C66E186009A85A7 /* PNCircleChart.m */ = {isa = PBXFileReference; fileEncoding = 4; lastKnownFileType = sourcecode.c.objc; path = PNCircleChart.m; sourceTree = "<group>"; };
		4061233C1C66E186009A85A7 /* PNLineChart.h */ = {isa = PBXFileReference; fileEncoding = 4; lastKnownFileType = sourcecode.c.h; path = PNLineChart.h; sourceTree = "<group>"; };
		4061233D1C66E186009A85A7 /* PNLineChart.m */ = {isa = PBXFileReference; fileEncoding = 4; lastKnownFileType = sourcecode.c.objc; path = PNLineChart.m; sourceTree = "<group>"; };
		4061233E1C66E186009A85A7 /* PNLineChartData.h */ = {isa = PBXFileReference; fileEncoding = 4; lastKnownFileType = sourcecode.c.h; path = PNLineChartData.h; sourceTree = "<group>"; };
		4061233F1C66E186009A85A7 /* PNLineChartData.m */ = {isa = PBXFileReference; fileEncoding = 4; lastKnownFileType = sourcecode.c.objc; path = PNLineChartData.m; sourceTree = "<group>"; };
		406123401C66E186009A85A7 /* PNLineChartDataItem.h */ = {isa = PBXFileReference; fileEncoding = 4; lastKnownFileType = sourcecode.c.h; path = PNLineChartDataItem.h; sourceTree = "<group>"; };
		406123411C66E186009A85A7 /* PNLineChartDataItem.m */ = {isa = PBXFileReference; fileEncoding = 4; lastKnownFileType = sourcecode.c.objc; path = PNLineChartDataItem.m; sourceTree = "<group>"; };
		406123421C66E186009A85A7 /* PNPieChart.h */ = {isa = PBXFileReference; fileEncoding = 4; lastKnownFileType = sourcecode.c.h; path = PNPieChart.h; sourceTree = "<group>"; };
		406123431C66E186009A85A7 /* PNPieChart.m */ = {isa = PBXFileReference; fileEncoding = 4; lastKnownFileType = sourcecode.c.objc; path = PNPieChart.m; sourceTree = "<group>"; };
		406123441C66E186009A85A7 /* PNPieChartDataItem.h */ = {isa = PBXFileReference; fileEncoding = 4; lastKnownFileType = sourcecode.c.h; path = PNPieChartDataItem.h; sourceTree = "<group>"; };
		406123451C66E186009A85A7 /* PNPieChartDataItem.m */ = {isa = PBXFileReference; fileEncoding = 4; lastKnownFileType = sourcecode.c.objc; path = PNPieChartDataItem.m; sourceTree = "<group>"; };
		406123461C66E186009A85A7 /* PNGenericChart.h */ = {isa = PBXFileReference; fileEncoding = 4; lastKnownFileType = sourcecode.c.h; path = PNGenericChart.h; sourceTree = "<group>"; };
		406123471C66E186009A85A7 /* PNGenericChart.m */ = {isa = PBXFileReference; fileEncoding = 4; lastKnownFileType = sourcecode.c.objc; path = PNGenericChart.m; sourceTree = "<group>"; };
		406123481C66E186009A85A7 /* PNRadarChart.h */ = {isa = PBXFileReference; fileEncoding = 4; lastKnownFileType = sourcecode.c.h; path = PNRadarChart.h; sourceTree = "<group>"; };
		406123491C66E186009A85A7 /* PNRadarChart.m */ = {isa = PBXFileReference; fileEncoding = 4; lastKnownFileType = sourcecode.c.objc; path = PNRadarChart.m; sourceTree = "<group>"; };
		4061234A1C66E186009A85A7 /* PNRadarChartDataItem.h */ = {isa = PBXFileReference; fileEncoding = 4; lastKnownFileType = sourcecode.c.h; path = PNRadarChartDataItem.h; sourceTree = "<group>"; };
		4061234B1C66E186009A85A7 /* PNRadarChartDataItem.m */ = {isa = PBXFileReference; fileEncoding = 4; lastKnownFileType = sourcecode.c.objc; path = PNRadarChartDataItem.m; sourceTree = "<group>"; };
		406F16881C60374E003AF8F5 /* MFSideMenu.h */ = {isa = PBXFileReference; fileEncoding = 4; lastKnownFileType = sourcecode.c.h; path = MFSideMenu.h; sourceTree = "<group>"; };
		406F16891C60374E003AF8F5 /* MFSideMenuContainerViewController.h */ = {isa = PBXFileReference; fileEncoding = 4; lastKnownFileType = sourcecode.c.h; path = MFSideMenuContainerViewController.h; sourceTree = "<group>"; };
		406F168A1C60374E003AF8F5 /* MFSideMenuContainerViewController.m */ = {isa = PBXFileReference; fileEncoding = 4; lastKnownFileType = sourcecode.c.objc; path = MFSideMenuContainerViewController.m; sourceTree = "<group>"; };
		406F168B1C60374E003AF8F5 /* UIViewController+MFSideMenuAdditions.h */ = {isa = PBXFileReference; fileEncoding = 4; lastKnownFileType = sourcecode.c.h; path = "UIViewController+MFSideMenuAdditions.h"; sourceTree = "<group>"; };
		406F168C1C60374E003AF8F5 /* UIViewController+MFSideMenuAdditions.m */ = {isa = PBXFileReference; fileEncoding = 4; lastKnownFileType = sourcecode.c.objc; path = "UIViewController+MFSideMenuAdditions.m"; sourceTree = "<group>"; };
		406F168D1C60374E003AF8F5 /* MFSideMenuShadow.h */ = {isa = PBXFileReference; fileEncoding = 4; lastKnownFileType = sourcecode.c.h; path = MFSideMenuShadow.h; sourceTree = "<group>"; };
		406F168E1C60374E003AF8F5 /* MFSideMenuShadow.m */ = {isa = PBXFileReference; fileEncoding = 4; lastKnownFileType = sourcecode.c.objc; path = MFSideMenuShadow.m; sourceTree = "<group>"; };
		406F16921C603814003AF8F5 /* SideMenuViewController.h */ = {isa = PBXFileReference; fileEncoding = 4; lastKnownFileType = sourcecode.c.h; path = SideMenuViewController.h; sourceTree = "<group>"; };
		406F16931C603814003AF8F5 /* SideMenuViewController.m */ = {isa = PBXFileReference; fileEncoding = 4; lastKnownFileType = sourcecode.c.objc; path = SideMenuViewController.m; sourceTree = "<group>"; };
		407F9A6D1C680BF500E1AF34 /* SKSTableView.h */ = {isa = PBXFileReference; fileEncoding = 4; lastKnownFileType = sourcecode.c.h; path = SKSTableView.h; sourceTree = "<group>"; };
		407F9A6E1C680BF500E1AF34 /* SKSTableView.m */ = {isa = PBXFileReference; fileEncoding = 4; lastKnownFileType = sourcecode.c.objc; path = SKSTableView.m; sourceTree = "<group>"; };
		407F9A6F1C680BF500E1AF34 /* SKSTableViewCell.h */ = {isa = PBXFileReference; fileEncoding = 4; lastKnownFileType = sourcecode.c.h; path = SKSTableViewCell.h; sourceTree = "<group>"; };
		407F9A701C680BF500E1AF34 /* SKSTableViewCell.m */ = {isa = PBXFileReference; fileEncoding = 4; lastKnownFileType = sourcecode.c.objc; path = SKSTableViewCell.m; sourceTree = "<group>"; };
		407F9A711C680BF500E1AF34 /* SKSTableViewCellIndicator.h */ = {isa = PBXFileReference; fileEncoding = 4; lastKnownFileType = sourcecode.c.h; path = SKSTableViewCellIndicator.h; sourceTree = "<group>"; };
		407F9A721C680BF500E1AF34 /* SKSTableViewCellIndicator.m */ = {isa = PBXFileReference; fileEncoding = 4; lastKnownFileType = sourcecode.c.objc; path = SKSTableViewCellIndicator.m; sourceTree = "<group>"; };
		407F9A731C680BF500E1AF34 /* expandableImage.png */ = {isa = PBXFileReference; lastKnownFileType = image.png; path = expandableImage.png; sourceTree = "<group>"; };
		407F9A741C680BF500E1AF34 /* expandableImage@2x.png */ = {isa = PBXFileReference; lastKnownFileType = image.png; path = "expandableImage@2x.png"; sourceTree = "<group>"; };
		407F9A7A1C6813F700E1AF34 /* MyCustomeCell.h */ = {isa = PBXFileReference; fileEncoding = 4; lastKnownFileType = sourcecode.c.h; path = MyCustomeCell.h; sourceTree = "<group>"; };
		407F9A7B1C6813F700E1AF34 /* MyCustomeCell.m */ = {isa = PBXFileReference; fileEncoding = 4; lastKnownFileType = sourcecode.c.objc; path = MyCustomeCell.m; sourceTree = "<group>"; };
		408375B91C5EE19200B5E7F6 /* YSLContainerViewController.h */ = {isa = PBXFileReference; fileEncoding = 4; lastKnownFileType = sourcecode.c.h; path = YSLContainerViewController.h; sourceTree = "<group>"; };
		408375BA1C5EE19200B5E7F6 /* YSLContainerViewController.m */ = {isa = PBXFileReference; fileEncoding = 4; lastKnownFileType = sourcecode.c.objc; path = YSLContainerViewController.m; sourceTree = "<group>"; };
		408375BB1C5EE19200B5E7F6 /* YSLScrollMenuView.h */ = {isa = PBXFileReference; fileEncoding = 4; lastKnownFileType = sourcecode.c.h; path = YSLScrollMenuView.h; sourceTree = "<group>"; };
		408375BC1C5EE19200B5E7F6 /* YSLScrollMenuView.m */ = {isa = PBXFileReference; fileEncoding = 4; lastKnownFileType = sourcecode.c.objc; path = YSLScrollMenuView.m; sourceTree = "<group>"; };
		408375BF1C5EE2FA00B5E7F6 /* CurrentPlansViewController.h */ = {isa = PBXFileReference; fileEncoding = 4; lastKnownFileType = sourcecode.c.h; path = CurrentPlansViewController.h; sourceTree = "<group>"; };
		408375C01C5EE2FA00B5E7F6 /* CurrentPlansViewController.m */ = {isa = PBXFileReference; fileEncoding = 4; lastKnownFileType = sourcecode.c.objc; path = CurrentPlansViewController.m; sourceTree = "<group>"; };
		408375C21C5EE31400B5E7F6 /* BestOffersViewController.h */ = {isa = PBXFileReference; fileEncoding = 4; lastKnownFileType = sourcecode.c.h; path = BestOffersViewController.h; sourceTree = "<group>"; };
		408375C31C5EE31400B5E7F6 /* BestOffersViewController.m */ = {isa = PBXFileReference; fileEncoding = 4; lastKnownFileType = sourcecode.c.objc; path = BestOffersViewController.m; sourceTree = "<group>"; };
		408375C51C5EE33000B5E7F6 /* RecommendedPlansViewController.h */ = {isa = PBXFileReference; fileEncoding = 4; lastKnownFileType = sourcecode.c.h; path = RecommendedPlansViewController.h; sourceTree = "<group>"; };
		408375C61C5EE33000B5E7F6 /* RecommendedPlansViewController.m */ = {isa = PBXFileReference; fileEncoding = 4; lastKnownFileType = sourcecode.c.objc; path = RecommendedPlansViewController.m; sourceTree = "<group>"; };
		408375D31C5EEBBC00B5E7F6 /* Reachability.h */ = {isa = PBXFileReference; fileEncoding = 4; lastKnownFileType = sourcecode.c.h; path = Reachability.h; sourceTree = "<group>"; };
		408375D41C5EEBBC00B5E7F6 /* Reachability.m */ = {isa = PBXFileReference; fileEncoding = 4; lastKnownFileType = sourcecode.c.objc; path = Reachability.m; sourceTree = "<group>"; };
		408375D61C5EEFF500B5E7F6 /* WifiModel.h */ = {isa = PBXFileReference; fileEncoding = 4; lastKnownFileType = sourcecode.c.h; path = WifiModel.h; sourceTree = "<group>"; };
		408375D71C5EEFF500B5E7F6 /* WifiModel.m */ = {isa = PBXFileReference; fileEncoding = 4; lastKnownFileType = sourcecode.c.objc; path = WifiModel.m; sourceTree = "<group>"; };
		408375D91C5EF02800B5E7F6 /* SystemConfiguration.framework */ = {isa = PBXFileReference; lastKnownFileType = wrapper.framework; name = SystemConfiguration.framework; path = System/Library/Frameworks/SystemConfiguration.framework; sourceTree = SDKROOT; };
		A3A6E5241C6324E300947770 /* Geotification.h */ = {isa = PBXFileReference; fileEncoding = 4; lastKnownFileType = sourcecode.c.h; path = Geotification.h; sourceTree = "<group>"; };
		A3A6E5251C6324E300947770 /* Geotification.m */ = {isa = PBXFileReference; fileEncoding = 4; lastKnownFileType = sourcecode.c.objc; path = Geotification.m; sourceTree = "<group>"; };
		A3A6E5261C6324E300947770 /* Utilities.h */ = {isa = PBXFileReference; fileEncoding = 4; lastKnownFileType = sourcecode.c.h; path = Utilities.h; sourceTree = "<group>"; };
		A3A6E5271C6324E300947770 /* Utilities.m */ = {isa = PBXFileReference; fileEncoding = 4; lastKnownFileType = sourcecode.c.objc; path = Utilities.m; sourceTree = "<group>"; };
/* End PBXFileReference section */

/* Begin PBXFrameworksBuildPhase section */
		40304E521C5E8146008E3EE5 /* Frameworks */ = {
			isa = PBXFrameworksBuildPhase;
			buildActionMask = 2147483647;
			files = (
				40474A531C618C2C00959AC7 /* NetworkExtension.framework in Frameworks */,
				408375DA1C5EF02900B5E7F6 /* SystemConfiguration.framework in Frameworks */,
				40304E901C5E82E6008E3EE5 /* CoreTelephony.framework in Frameworks */,
			);
			runOnlyForDeploymentPostprocessing = 0;
		};
		40304E6B1C5E8147008E3EE5 /* Frameworks */ = {
			isa = PBXFrameworksBuildPhase;
			buildActionMask = 2147483647;
			files = (
			);
			runOnlyForDeploymentPostprocessing = 0;
		};
		40304E761C5E8147008E3EE5 /* Frameworks */ = {
			isa = PBXFrameworksBuildPhase;
			buildActionMask = 2147483647;
			files = (
			);
			runOnlyForDeploymentPostprocessing = 0;
		};
/* End PBXFrameworksBuildPhase section */

/* Begin PBXGroup section */
		2221F0DE1C633518006863D1 /* Menu */ = {
			isa = PBXGroup;
			children = (
				406F16921C603814003AF8F5 /* SideMenuViewController.h */,
				406F16931C603814003AF8F5 /* SideMenuViewController.m */,
				2221F0D81C6334EC006863D1 /* MyPlanViewController.h */,
				2221F0D91C6334EC006863D1 /* MyPlanViewController.m */,
				2221F0DB1C633505006863D1 /* MyUsageViewController.h */,
				2221F0DC1C633505006863D1 /* MyUsageViewController.m */,
				2221F0D51C633482006863D1 /* SettingsViewController.h */,
				2221F0D61C633482006863D1 /* SettingsViewController.m */,
			);
			name = Menu;
			sourceTree = "<group>";
		};
		223C24991C64864C002BFA7E /* LocationTracker */ = {
			isa = PBXGroup;
			children = (
				223C248C1C647E05002BFA7E /* LocationTracker.h */,
				223C248D1C647E05002BFA7E /* LocationTracker.m */,
				223C248E1C647E05002BFA7E /* BackgroundTaskManager.h */,
				223C248F1C647E05002BFA7E /* BackgroundTaskManager.m */,
				223C24901C647E05002BFA7E /* LocationShareModel.h */,
				223C24911C647E05002BFA7E /* LocationShareModel.m */,
			);
			name = LocationTracker;
			sourceTree = "<group>";
		};
		40304E4C1C5E8146008E3EE5 = {
			isa = PBXGroup;
			children = (
				40304E8E1C5E82D3008E3EE5 /* Frameworks */,
				40304E571C5E8146008E3EE5 /* Redknee */,
				40304E711C5E8147008E3EE5 /* RedkneeTests */,
				40304E7C1C5E8147008E3EE5 /* RedkneeUITests */,
				40304E561C5E8146008E3EE5 /* Products */,
			);
			sourceTree = "<group>";
		};
		40304E561C5E8146008E3EE5 /* Products */ = {
			isa = PBXGroup;
			children = (
				40304E551C5E8146008E3EE5 /* Redknee.app */,
				40304E6E1C5E8147008E3EE5 /* RedkneeTests.xctest */,
				40304E791C5E8147008E3EE5 /* RedkneeUITests.xctest */,
			);
			name = Products;
			sourceTree = "<group>";
		};
		40304E571C5E8146008E3EE5 /* Redknee */ = {
			isa = PBXGroup;
			children = (
				A3A6E5241C6324E300947770 /* Geotification.h */,
				A3A6E5251C6324E300947770 /* Geotification.m */,
				A3A6E5261C6324E300947770 /* Utilities.h */,
				A3A6E5271C6324E300947770 /* Utilities.m */,
				408375B81C5EE16300B5E7F6 /* Custom */,
				22B2221E1C60B86B0028E7DB /* splash_screen.png */,
				22F461561C637755003A95FB /* slideThumb.png */,
				22F461511C637677003A95FB /* pinkimg.png */,
				22F461521C637677003A95FB /* grayimg.png */,
				22302DBA1C63698100A03011 /* asdf.png */,
				22302DB61C63611B00A03011 /* abc.png */,
				22B222201C60B8FF0028E7DB /* redknee_logo326ppi.png */,
				22B222211C60B8FF0028E7DB /* smart_logo_326ppi.png */,
				40304E5B1C5E8147008E3EE5 /* AppDelegate.h */,
				40304E5C1C5E8147008E3EE5 /* AppDelegate.m */,
				2221F0DE1C633518006863D1 /* Menu */,
				40304E5E1C5E8147008E3EE5 /* ViewController.h */,
				40304E5F1C5E8147008E3EE5 /* ViewController.m */,
				22B222241C60C0080028E7DB /* LoginViewController.h */,
				22B222251C60C0080028E7DB /* LoginViewController.m */,
				2277FD5A1C64C2E90084A206 /* PopUpViewController.h */,
				2277FD5B1C64C2E90084A206 /* PopUpViewController.m */,
				22C466F01C689B86003A74D8 /* BestOffer.plist */,
				40304E8B1C5E82A4008E3EE5 /* CarrierModel.h */,
				40304E8C1C5E82A5008E3EE5 /* CarrierModel.m */,
				408375D61C5EEFF500B5E7F6 /* WifiModel.h */,
				408375D71C5EEFF500B5E7F6 /* WifiModel.m */,
				40304E611C5E8147008E3EE5 /* Main.storyboard */,
				408375BF1C5EE2FA00B5E7F6 /* CurrentPlansViewController.h */,
				408375C01C5EE2FA00B5E7F6 /* CurrentPlansViewController.m */,
				408375C21C5EE31400B5E7F6 /* BestOffersViewController.h */,
				408375C31C5EE31400B5E7F6 /* BestOffersViewController.m */,
				408375C51C5EE33000B5E7F6 /* RecommendedPlansViewController.h */,
				408375C61C5EE33000B5E7F6 /* RecommendedPlansViewController.m */,
				22C466EE1C686F86003A74D8 /* Recommended.plist */,
				22C466E91C6855F4003A74D8 /* CommonView.h */,
				22C466EA1C6855F4003A74D8 /* CommonView.m */,
				22C466EC1C685620003A74D8 /* CommonView.xib */,
				407F9A7A1C6813F700E1AF34 /* MyCustomeCell.h */,
				407F9A7B1C6813F700E1AF34 /* MyCustomeCell.m */,
				40304E641C5E8147008E3EE5 /* Assets.xcassets */,
				40304E661C5E8147008E3EE5 /* LaunchScreen.storyboard */,
				40304E691C5E8147008E3EE5 /* Info.plist */,
				40304E581C5E8147008E3EE5 /* Supporting Files */,
			);
			path = Redknee;
			sourceTree = "<group>";
		};
		40304E581C5E8147008E3EE5 /* Supporting Files */ = {
			isa = PBXGroup;
			children = (
				40304E591C5E8147008E3EE5 /* main.m */,
			);
			name = "Supporting Files";
			sourceTree = "<group>";
		};
		40304E711C5E8147008E3EE5 /* RedkneeTests */ = {
			isa = PBXGroup;
			children = (
				40304E721C5E8147008E3EE5 /* RedkneeTests.m */,
				40304E741C5E8147008E3EE5 /* Info.plist */,
			);
			path = RedkneeTests;
			sourceTree = "<group>";
		};
		40304E7C1C5E8147008E3EE5 /* RedkneeUITests */ = {
			isa = PBXGroup;
			children = (
				40304E7D1C5E8147008E3EE5 /* RedkneeUITests.m */,
				40304E7F1C5E8147008E3EE5 /* Info.plist */,
			);
			path = RedkneeUITests;
			sourceTree = "<group>";
		};
		40304E8E1C5E82D3008E3EE5 /* Frameworks */ = {
			isa = PBXGroup;
			children = (
				40474A521C618C2C00959AC7 /* NetworkExtension.framework */,
				408375D91C5EF02800B5E7F6 /* SystemConfiguration.framework */,
				40304E8F1C5E82E6008E3EE5 /* CoreTelephony.framework */,
			);
			name = Frameworks;
			sourceTree = "<group>";
		};
		406F16871C60373F003AF8F5 /* SideMenu */ = {
			isa = PBXGroup;
			children = (
				406F16881C60374E003AF8F5 /* MFSideMenu.h */,
				406F16891C60374E003AF8F5 /* MFSideMenuContainerViewController.h */,
				406F168A1C60374E003AF8F5 /* MFSideMenuContainerViewController.m */,
				406F168B1C60374E003AF8F5 /* UIViewController+MFSideMenuAdditions.h */,
				406F168C1C60374E003AF8F5 /* UIViewController+MFSideMenuAdditions.m */,
				406F168D1C60374E003AF8F5 /* MFSideMenuShadow.h */,
				406F168E1C60374E003AF8F5 /* MFSideMenuShadow.m */,
			);
			name = SideMenu;
			sourceTree = "<group>";
		};
		407F9A6C1C680BE000E1AF34 /* DropdownTableView */ = {
			isa = PBXGroup;
			children = (
				407F9A6D1C680BF500E1AF34 /* SKSTableView.h */,
				407F9A6E1C680BF500E1AF34 /* SKSTableView.m */,
				407F9A6F1C680BF500E1AF34 /* SKSTableViewCell.h */,
				407F9A701C680BF500E1AF34 /* SKSTableViewCell.m */,
				407F9A711C680BF500E1AF34 /* SKSTableViewCellIndicator.h */,
				407F9A721C680BF500E1AF34 /* SKSTableViewCellIndicator.m */,
				407F9A731C680BF500E1AF34 /* expandableImage.png */,
				407F9A741C680BF500E1AF34 /* expandableImage@2x.png */,
			);
			name = DropdownTableView;
			sourceTree = "<group>";
		};
		408375B71C5EDF1E00B5E7F6 /* Rechability */ = {
			isa = PBXGroup;
			children = (
				408375D31C5EEBBC00B5E7F6 /* Reachability.h */,
				408375D41C5EEBBC00B5E7F6 /* Reachability.m */,
			);
			name = Rechability;
			sourceTree = "<group>";
		};
		408375B81C5EE16300B5E7F6 /* Custom */ = {
			isa = PBXGroup;
			children = (
				407F9A6C1C680BE000E1AF34 /* DropdownTableView */,
				40BCC4431C66CFEC00401A98 /* PieChart */,
				223C24991C64864C002BFA7E /* LocationTracker */,
				406F16871C60373F003AF8F5 /* SideMenu */,
				408375B71C5EDF1E00B5E7F6 /* Rechability */,
				408375C91C5EE84500B5E7F6 /* RechabilityManager */,
				408375C81C5EE82E00B5E7F6 /* TopMenuTab */,
			);
			name = Custom;
			sourceTree = "<group>";
		};
		408375C81C5EE82E00B5E7F6 /* TopMenuTab */ = {
			isa = PBXGroup;
			children = (
				408375B91C5EE19200B5E7F6 /* YSLContainerViewController.h */,
				408375BA1C5EE19200B5E7F6 /* YSLContainerViewController.m */,
				408375BB1C5EE19200B5E7F6 /* YSLScrollMenuView.h */,
				408375BC1C5EE19200B5E7F6 /* YSLScrollMenuView.m */,
			);
			name = TopMenuTab;
			sourceTree = "<group>";
		};
		408375C91C5EE84500B5E7F6 /* RechabilityManager */ = {
			isa = PBXGroup;
			children = (
			);
			name = RechabilityManager;
			sourceTree = "<group>";
		};
		40BCC4431C66CFEC00401A98 /* PieChart */ = {
			isa = PBXGroup;
			children = (
				4061232A1C66E186009A85A7 /* PNScatterChart.h */,
				4061232B1C66E186009A85A7 /* PNScatterChart.m */,
				4061232C1C66E186009A85A7 /* PNScatterChartData.h */,
				4061232D1C66E186009A85A7 /* PNScatterChartData.m */,
				4061232E1C66E186009A85A7 /* PNScatterChartDataItem.h */,
				4061232F1C66E186009A85A7 /* PNScatterChartDataItem.m */,
				406123301C66E186009A85A7 /* PNChart.h */,
				406123311C66E186009A85A7 /* PNChartDelegate.h */,
				406123321C66E186009A85A7 /* PNChartLabel.h */,
				406123331C66E186009A85A7 /* PNChartLabel.m */,
				406123341C66E186009A85A7 /* PNColor.h */,
				406123351C66E186009A85A7 /* PNColor.m */,
				406123361C66E186009A85A7 /* PNBar.h */,
				406123371C66E186009A85A7 /* PNBar.m */,
				406123381C66E186009A85A7 /* PNBarChart.h */,
				406123391C66E186009A85A7 /* PNBarChart.m */,
				4061233A1C66E186009A85A7 /* PNCircleChart.h */,
				4061233B1C66E186009A85A7 /* PNCircleChart.m */,
				4061233C1C66E186009A85A7 /* PNLineChart.h */,
				4061233D1C66E186009A85A7 /* PNLineChart.m */,
				4061233E1C66E186009A85A7 /* PNLineChartData.h */,
				4061233F1C66E186009A85A7 /* PNLineChartData.m */,
				406123401C66E186009A85A7 /* PNLineChartDataItem.h */,
				406123411C66E186009A85A7 /* PNLineChartDataItem.m */,
				406123421C66E186009A85A7 /* PNPieChart.h */,
				406123431C66E186009A85A7 /* PNPieChart.m */,
				406123441C66E186009A85A7 /* PNPieChartDataItem.h */,
				406123451C66E186009A85A7 /* PNPieChartDataItem.m */,
				406123461C66E186009A85A7 /* PNGenericChart.h */,
				406123471C66E186009A85A7 /* PNGenericChart.m */,
				406123481C66E186009A85A7 /* PNRadarChart.h */,
				406123491C66E186009A85A7 /* PNRadarChart.m */,
				4061234A1C66E186009A85A7 /* PNRadarChartDataItem.h */,
				4061234B1C66E186009A85A7 /* PNRadarChartDataItem.m */,
			);
			name = PieChart;
			sourceTree = "<group>";
		};
/* End PBXGroup section */

/* Begin PBXNativeTarget section */
		40304E541C5E8146008E3EE5 /* Redknee */ = {
			isa = PBXNativeTarget;
			buildConfigurationList = 40304E821C5E8147008E3EE5 /* Build configuration list for PBXNativeTarget "Redknee" */;
			buildPhases = (
				40304E511C5E8146008E3EE5 /* Sources */,
				40304E521C5E8146008E3EE5 /* Frameworks */,
				40304E531C5E8146008E3EE5 /* Resources */,
				224E735A1C638EB900BFA7F4 /* CopyFiles */,
			);
			buildRules = (
			);
			dependencies = (
			);
			name = Redknee;
			productName = Redknee;
			productReference = 40304E551C5E8146008E3EE5 /* Redknee.app */;
			productType = "com.apple.product-type.application";
		};
		40304E6D1C5E8147008E3EE5 /* RedkneeTests */ = {
			isa = PBXNativeTarget;
			buildConfigurationList = 40304E851C5E8147008E3EE5 /* Build configuration list for PBXNativeTarget "RedkneeTests" */;
			buildPhases = (
				40304E6A1C5E8147008E3EE5 /* Sources */,
				40304E6B1C5E8147008E3EE5 /* Frameworks */,
				40304E6C1C5E8147008E3EE5 /* Resources */,
			);
			buildRules = (
			);
			dependencies = (
				40304E701C5E8147008E3EE5 /* PBXTargetDependency */,
			);
			name = RedkneeTests;
			productName = RedkneeTests;
			productReference = 40304E6E1C5E8147008E3EE5 /* RedkneeTests.xctest */;
			productType = "com.apple.product-type.bundle.unit-test";
		};
		40304E781C5E8147008E3EE5 /* RedkneeUITests */ = {
			isa = PBXNativeTarget;
			buildConfigurationList = 40304E881C5E8147008E3EE5 /* Build configuration list for PBXNativeTarget "RedkneeUITests" */;
			buildPhases = (
				40304E751C5E8147008E3EE5 /* Sources */,
				40304E761C5E8147008E3EE5 /* Frameworks */,
				40304E771C5E8147008E3EE5 /* Resources */,
			);
			buildRules = (
			);
			dependencies = (
				40304E7B1C5E8147008E3EE5 /* PBXTargetDependency */,
			);
			name = RedkneeUITests;
			productName = RedkneeUITests;
			productReference = 40304E791C5E8147008E3EE5 /* RedkneeUITests.xctest */;
			productType = "com.apple.product-type.bundle.ui-testing";
		};
/* End PBXNativeTarget section */

/* Begin PBXProject section */
		40304E4D1C5E8146008E3EE5 /* Project object */ = {
			isa = PBXProject;
			attributes = {
				LastUpgradeCheck = 0710;
				ORGANIZATIONNAME = Goutham;
				TargetAttributes = {
					40304E541C5E8146008E3EE5 = {
						CreatedOnToolsVersion = 7.1.1;
						DevelopmentTeam = 75G6XQEVGT;
						SystemCapabilities = {
							com.apple.BackgroundModes = {
								enabled = 1;
							};
						};
					};
					40304E6D1C5E8147008E3EE5 = {
						CreatedOnToolsVersion = 7.1.1;
						TestTargetID = 40304E541C5E8146008E3EE5;
					};
					40304E781C5E8147008E3EE5 = {
						CreatedOnToolsVersion = 7.1.1;
						TestTargetID = 40304E541C5E8146008E3EE5;
					};
				};
			};
			buildConfigurationList = 40304E501C5E8146008E3EE5 /* Build configuration list for PBXProject "Redknee" */;
			compatibilityVersion = "Xcode 3.2";
			developmentRegion = English;
			hasScannedForEncodings = 0;
			knownRegions = (
				en,
				Base,
			);
			mainGroup = 40304E4C1C5E8146008E3EE5;
			productRefGroup = 40304E561C5E8146008E3EE5 /* Products */;
			projectDirPath = "";
			projectRoot = "";
			targets = (
				40304E541C5E8146008E3EE5 /* Redknee */,
				40304E6D1C5E8147008E3EE5 /* RedkneeTests */,
				40304E781C5E8147008E3EE5 /* RedkneeUITests */,
			);
		};
/* End PBXProject section */

/* Begin PBXResourcesBuildPhase section */
		40304E531C5E8146008E3EE5 /* Resources */ = {
			isa = PBXResourcesBuildPhase;
			buildActionMask = 2147483647;
			files = (
				22F461551C637677003A95FB /* grayimg.png in Resources */,
				40304E681C5E8147008E3EE5 /* LaunchScreen.storyboard in Resources */,
				22302DBB1C63698100A03011 /* asdf.png in Resources */,
				40304E651C5E8147008E3EE5 /* Assets.xcassets in Resources */,
				22B222221C60B8FF0028E7DB /* redknee_logo326ppi.png in Resources */,
				22B2221F1C60B86B0028E7DB /* splash_screen.png in Resources */,
				22F461571C637755003A95FB /* slideThumb.png in Resources */,
				22C466ED1C685620003A74D8 /* CommonView.xib in Resources */,
				22C466EF1C686F86003A74D8 /* Recommended.plist in Resources */,
				22C466F11C689B86003A74D8 /* BestOffer.plist in Resources */,
				22302DB71C63611B00A03011 /* abc.png in Resources */,
				407F9A791C680BF500E1AF34 /* expandableImage@2x.png in Resources */,
				22B222231C60B8FF0028E7DB /* smart_logo_326ppi.png in Resources */,
				407F9A781C680BF500E1AF34 /* expandableImage.png in Resources */,
				40304E631C5E8147008E3EE5 /* Main.storyboard in Resources */,
				22F461541C637677003A95FB /* pinkimg.png in Resources */,
			);
			runOnlyForDeploymentPostprocessing = 0;
		};
		40304E6C1C5E8147008E3EE5 /* Resources */ = {
			isa = PBXResourcesBuildPhase;
			buildActionMask = 2147483647;
			files = (
			);
			runOnlyForDeploymentPostprocessing = 0;
		};
		40304E771C5E8147008E3EE5 /* Resources */ = {
			isa = PBXResourcesBuildPhase;
			buildActionMask = 2147483647;
			files = (
			);
			runOnlyForDeploymentPostprocessing = 0;
		};
/* End PBXResourcesBuildPhase section */

/* Begin PBXSourcesBuildPhase section */
		40304E511C5E8146008E3EE5 /* Sources */ = {
			isa = PBXSourcesBuildPhase;
			buildActionMask = 2147483647;
			files = (
				406F16941C603814003AF8F5 /* SideMenuViewController.m in Sources */,
				40304E601C5E8147008E3EE5 /* ViewController.m in Sources */,
				406F168F1C60374E003AF8F5 /* MFSideMenuContainerViewController.m in Sources */,
				4061235A1C66E186009A85A7 /* PNRadarChart.m in Sources */,
				406F16911C60374E003AF8F5 /* MFSideMenuShadow.m in Sources */,
				40304E5D1C5E8147008E3EE5 /* AppDelegate.m in Sources */,
				223C24921C647E05002BFA7E /* LocationTracker.m in Sources */,
				408375D81C5EEFF500B5E7F6 /* WifiModel.m in Sources */,
				40304E8D1C5E82A5008E3EE5 /* CarrierModel.m in Sources */,
				406123551C66E186009A85A7 /* PNLineChartData.m in Sources */,
				406F16901C60374E003AF8F5 /* UIViewController+MFSideMenuAdditions.m in Sources */,
				4061234C1C66E186009A85A7 /* PNScatterChart.m in Sources */,
				22B222261C60C0080028E7DB /* LoginViewController.m in Sources */,
				2221F0DD1C633505006863D1 /* MyUsageViewController.m in Sources */,
				406123521C66E186009A85A7 /* PNBarChart.m in Sources */,
				223C24931C647E05002BFA7E /* BackgroundTaskManager.m in Sources */,
				2221F0DA1C6334EC006863D1 /* MyPlanViewController.m in Sources */,
				2277FD5C1C64C2E90084A206 /* PopUpViewController.m in Sources */,
				406123591C66E186009A85A7 /* PNGenericChart.m in Sources */,
				406123561C66E186009A85A7 /* PNLineChartDataItem.m in Sources */,
				4061235B1C66E186009A85A7 /* PNRadarChartDataItem.m in Sources */,
				407F9A7C1C6813F700E1AF34 /* MyCustomeCell.m in Sources */,
				406123581C66E186009A85A7 /* PNPieChartDataItem.m in Sources */,
				408375D51C5EEBBC00B5E7F6 /* Reachability.m in Sources */,
				4061234D1C66E186009A85A7 /* PNScatterChartData.m in Sources */,
				408375BE1C5EE19200B5E7F6 /* YSLScrollMenuView.m in Sources */,
				2221F0D71C633482006863D1 /* SettingsViewController.m in Sources */,
				406123501C66E186009A85A7 /* PNColor.m in Sources */,
				406123571C66E186009A85A7 /* PNPieChart.m in Sources */,
				A3A6E5281C6324E300947770 /* Geotification.m in Sources */,
				406123531C66E186009A85A7 /* PNCircleChart.m in Sources */,
				A3A6E5291C6324E300947770 /* Utilities.m in Sources */,
				407F9A751C680BF500E1AF34 /* SKSTableView.m in Sources */,
				22C466EB1C6855F4003A74D8 /* CommonView.m in Sources */,
				406123511C66E186009A85A7 /* PNBar.m in Sources */,
				4061234F1C66E186009A85A7 /* PNChartLabel.m in Sources */,
				40304E5A1C5E8147008E3EE5 /* main.m in Sources */,
				4061234E1C66E186009A85A7 /* PNScatterChartDataItem.m in Sources */,
				408375BD1C5EE19200B5E7F6 /* YSLContainerViewController.m in Sources */,
				223C24941C647E05002BFA7E /* LocationShareModel.m in Sources */,
				406123541C66E186009A85A7 /* PNLineChart.m in Sources */,
				408375C11C5EE2FA00B5E7F6 /* CurrentPlansViewController.m in Sources */,
				407F9A761C680BF500E1AF34 /* SKSTableViewCell.m in Sources */,
				408375C71C5EE33000B5E7F6 /* RecommendedPlansViewController.m in Sources */,
				408375C41C5EE31400B5E7F6 /* BestOffersViewController.m in Sources */,
				407F9A771C680BF500E1AF34 /* SKSTableViewCellIndicator.m in Sources */,
			);
			runOnlyForDeploymentPostprocessing = 0;
		};
		40304E6A1C5E8147008E3EE5 /* Sources */ = {
			isa = PBXSourcesBuildPhase;
			buildActionMask = 2147483647;
			files = (
				40304E731C5E8147008E3EE5 /* RedkneeTests.m in Sources */,
			);
			runOnlyForDeploymentPostprocessing = 0;
		};
		40304E751C5E8147008E3EE5 /* Sources */ = {
			isa = PBXSourcesBuildPhase;
			buildActionMask = 2147483647;
			files = (
				40304E7E1C5E8147008E3EE5 /* RedkneeUITests.m in Sources */,
			);
			runOnlyForDeploymentPostprocessing = 0;
		};
/* End PBXSourcesBuildPhase section */

/* Begin PBXTargetDependency section */
		40304E701C5E8147008E3EE5 /* PBXTargetDependency */ = {
			isa = PBXTargetDependency;
			target = 40304E541C5E8146008E3EE5 /* Redknee */;
			targetProxy = 40304E6F1C5E8147008E3EE5 /* PBXContainerItemProxy */;
		};
		40304E7B1C5E8147008E3EE5 /* PBXTargetDependency */ = {
			isa = PBXTargetDependency;
			target = 40304E541C5E8146008E3EE5 /* Redknee */;
			targetProxy = 40304E7A1C5E8147008E3EE5 /* PBXContainerItemProxy */;
		};
/* End PBXTargetDependency section */

/* Begin PBXVariantGroup section */
		40304E611C5E8147008E3EE5 /* Main.storyboard */ = {
			isa = PBXVariantGroup;
			children = (
				40304E621C5E8147008E3EE5 /* Base */,
			);
			name = Main.storyboard;
			sourceTree = "<group>";
		};
		40304E661C5E8147008E3EE5 /* LaunchScreen.storyboard */ = {
			isa = PBXVariantGroup;
			children = (
				40304E671C5E8147008E3EE5 /* Base */,
			);
			name = LaunchScreen.storyboard;
			sourceTree = "<group>";
		};
/* End PBXVariantGroup section */

/* Begin XCBuildConfiguration section */
		40304E801C5E8147008E3EE5 /* Debug */ = {
			isa = XCBuildConfiguration;
			buildSettings = {
				ALWAYS_SEARCH_USER_PATHS = NO;
				CLANG_CXX_LANGUAGE_STANDARD = "gnu++0x";
				CLANG_CXX_LIBRARY = "libc++";
				CLANG_ENABLE_MODULES = YES;
				CLANG_ENABLE_OBJC_ARC = YES;
				CLANG_WARN_BOOL_CONVERSION = YES;
				CLANG_WARN_CONSTANT_CONVERSION = YES;
				CLANG_WARN_DIRECT_OBJC_ISA_USAGE = YES_ERROR;
				CLANG_WARN_EMPTY_BODY = YES;
				CLANG_WARN_ENUM_CONVERSION = YES;
				CLANG_WARN_INT_CONVERSION = YES;
				CLANG_WARN_OBJC_ROOT_CLASS = YES_ERROR;
				CLANG_WARN_UNREACHABLE_CODE = YES;
				CLANG_WARN__DUPLICATE_METHOD_MATCH = YES;
				"CODE_SIGN_IDENTITY[sdk=iphoneos*]" = "iPhone Developer";
				COPY_PHASE_STRIP = NO;
				DEBUG_INFORMATION_FORMAT = dwarf;
				ENABLE_STRICT_OBJC_MSGSEND = YES;
				ENABLE_TESTABILITY = YES;
				GCC_C_LANGUAGE_STANDARD = gnu99;
				GCC_DYNAMIC_NO_PIC = NO;
				GCC_NO_COMMON_BLOCKS = YES;
				GCC_OPTIMIZATION_LEVEL = 0;
				GCC_PREPROCESSOR_DEFINITIONS = (
					"DEBUG=1",
					"$(inherited)",
				);
				GCC_WARN_64_TO_32_BIT_CONVERSION = YES;
				GCC_WARN_ABOUT_RETURN_TYPE = YES_ERROR;
				GCC_WARN_UNDECLARED_SELECTOR = YES;
				GCC_WARN_UNINITIALIZED_AUTOS = YES_AGGRESSIVE;
				GCC_WARN_UNUSED_FUNCTION = YES;
				GCC_WARN_UNUSED_VARIABLE = YES;
				IPHONEOS_DEPLOYMENT_TARGET = 9.1;
				MTL_ENABLE_DEBUG_INFO = YES;
				ONLY_ACTIVE_ARCH = YES;
				SDKROOT = iphoneos;
			};
			name = Debug;
		};
		40304E811C5E8147008E3EE5 /* Release */ = {
			isa = XCBuildConfiguration;
			buildSettings = {
				ALWAYS_SEARCH_USER_PATHS = NO;
				CLANG_CXX_LANGUAGE_STANDARD = "gnu++0x";
				CLANG_CXX_LIBRARY = "libc++";
				CLANG_ENABLE_MODULES = YES;
				CLANG_ENABLE_OBJC_ARC = YES;
				CLANG_WARN_BOOL_CONVERSION = YES;
				CLANG_WARN_CONSTANT_CONVERSION = YES;
				CLANG_WARN_DIRECT_OBJC_ISA_USAGE = YES_ERROR;
				CLANG_WARN_EMPTY_BODY = YES;
				CLANG_WARN_ENUM_CONVERSION = YES;
				CLANG_WARN_INT_CONVERSION = YES;
				CLANG_WARN_OBJC_ROOT_CLASS = YES_ERROR;
				CLANG_WARN_UNREACHABLE_CODE = YES;
				CLANG_WARN__DUPLICATE_METHOD_MATCH = YES;
				"CODE_SIGN_IDENTITY[sdk=iphoneos*]" = "iPhone Developer";
				COPY_PHASE_STRIP = NO;
				DEBUG_INFORMATION_FORMAT = "dwarf-with-dsym";
				ENABLE_NS_ASSERTIONS = NO;
				ENABLE_STRICT_OBJC_MSGSEND = YES;
				GCC_C_LANGUAGE_STANDARD = gnu99;
				GCC_NO_COMMON_BLOCKS = YES;
				GCC_WARN_64_TO_32_BIT_CONVERSION = YES;
				GCC_WARN_ABOUT_RETURN_TYPE = YES_ERROR;
				GCC_WARN_UNDECLARED_SELECTOR = YES;
				GCC_WARN_UNINITIALIZED_AUTOS = YES_AGGRESSIVE;
				GCC_WARN_UNUSED_FUNCTION = YES;
				GCC_WARN_UNUSED_VARIABLE = YES;
				IPHONEOS_DEPLOYMENT_TARGET = 9.1;
				MTL_ENABLE_DEBUG_INFO = NO;
				SDKROOT = iphoneos;
				VALIDATE_PRODUCT = YES;
			};
			name = Release;
		};
		40304E831C5E8147008E3EE5 /* Debug */ = {
			isa = XCBuildConfiguration;
			buildSettings = {
				ASSETCATALOG_COMPILER_APPICON_NAME = AppIcon;
				CODE_SIGN_IDENTITY = "iPhone Developer: Kishore Sai (U9LX5B53XM)";
				"CODE_SIGN_IDENTITY[sdk=iphoneos*]" = "iPhone Developer: Kishore Sai (U9LX5B53XM)";
				INFOPLIST_FILE = Redknee/Info.plist;
				IPHONEOS_DEPLOYMENT_TARGET = 8.0;
				LD_RUNPATH_SEARCH_PATHS = "$(inherited) @executable_path/Frameworks";
				OTHER_LDFLAGS = "-ObjC";
				PRODUCT_BUNDLE_IDENTIFIER = com.hopon.employeeapp;
				PRODUCT_NAME = "$(TARGET_NAME)";
				PROVISIONING_PROFILE = "2e9ce48f-6f75-432d-a2d6-a386bdb654a4";
			};
			name = Debug;
		};
		40304E841C5E8147008E3EE5 /* Release */ = {
			isa = XCBuildConfiguration;
			buildSettings = {
				ASSETCATALOG_COMPILER_APPICON_NAME = AppIcon;
				CODE_SIGN_IDENTITY = "iPhone Developer: Kishore Sai (U9LX5B53XM)";
				"CODE_SIGN_IDENTITY[sdk=iphoneos*]" = "iPhone Developer: Kishore Sai (U9LX5B53XM)";
				INFOPLIST_FILE = Redknee/Info.plist;
				IPHONEOS_DEPLOYMENT_TARGET = 8.0;
				LD_RUNPATH_SEARCH_PATHS = "$(inherited) @executable_path/Frameworks";
				OTHER_LDFLAGS = "-ObjC";
				PRODUCT_BUNDLE_IDENTIFIER = com.hopon.employeeapp;
				PRODUCT_NAME = "$(TARGET_NAME)";
				PROVISIONING_PROFILE = "2e9ce48f-6f75-432d-a2d6-a386bdb654a4";
			};
			name = Release;
		};
		40304E861C5E8147008E3EE5 /* Debug */ = {
			isa = XCBuildConfiguration;
			buildSettings = {
				BUNDLE_LOADER = "$(TEST_HOST)";
				INFOPLIST_FILE = RedkneeTests/Info.plist;
				LD_RUNPATH_SEARCH_PATHS = "$(inherited) @executable_path/Frameworks @loader_path/Frameworks";
				PRODUCT_BUNDLE_IDENTIFIER = com.goutham.RedkneeTests;
				PRODUCT_NAME = "$(TARGET_NAME)";
				TEST_HOST = "$(BUILT_PRODUCTS_DIR)/Redknee.app/Redknee";
			};
			name = Debug;
		};
		40304E871C5E8147008E3EE5 /* Release */ = {
			isa = XCBuildConfiguration;
			buildSettings = {
				BUNDLE_LOADER = "$(TEST_HOST)";
				INFOPLIST_FILE = RedkneeTests/Info.plist;
				LD_RUNPATH_SEARCH_PATHS = "$(inherited) @executable_path/Frameworks @loader_path/Frameworks";
				PRODUCT_BUNDLE_IDENTIFIER = com.goutham.RedkneeTests;
				PRODUCT_NAME = "$(TARGET_NAME)";
				TEST_HOST = "$(BUILT_PRODUCTS_DIR)/Redknee.app/Redknee";
			};
			name = Release;
		};
		40304E891C5E8147008E3EE5 /* Debug */ = {
			isa = XCBuildConfiguration;
			buildSettings = {
				INFOPLIST_FILE = RedkneeUITests/Info.plist;
				LD_RUNPATH_SEARCH_PATHS = "$(inherited) @executable_path/Frameworks @loader_path/Frameworks";
				PRODUCT_BUNDLE_IDENTIFIER = com.goutham.RedkneeUITests;
				PRODUCT_NAME = "$(TARGET_NAME)";
				TEST_TARGET_NAME = Redknee;
				USES_XCTRUNNER = YES;
			};
			name = Debug;
		};
		40304E8A1C5E8147008E3EE5 /* Release */ = {
			isa = XCBuildConfiguration;
			buildSettings = {
				INFOPLIST_FILE = RedkneeUITests/Info.plist;
				LD_RUNPATH_SEARCH_PATHS = "$(inherited) @executable_path/Frameworks @loader_path/Frameworks";
				PRODUCT_BUNDLE_IDENTIFIER = com.goutham.RedkneeUITests;
				PRODUCT_NAME = "$(TARGET_NAME)";
				TEST_TARGET_NAME = Redknee;
				USES_XCTRUNNER = YES;
			};
			name = Release;
		};
/* End XCBuildConfiguration section */

/* Begin XCConfigurationList section */
		40304E501C5E8146008E3EE5 /* Build configuration list for PBXProject "Redknee" */ = {
			isa = XCConfigurationList;
			buildConfigurations = (
				40304E801C5E8147008E3EE5 /* Debug */,
				40304E811C5E8147008E3EE5 /* Release */,
			);
			defaultConfigurationIsVisible = 0;
			defaultConfigurationName = Release;
		};
		40304E821C5E8147008E3EE5 /* Build configuration list for PBXNativeTarget "Redknee" */ = {
			isa = XCConfigurationList;
			buildConfigurations = (
				40304E831C5E8147008E3EE5 /* Debug */,
				40304E841C5E8147008E3EE5 /* Release */,
			);
			defaultConfigurationIsVisible = 0;
			defaultConfigurationName = Release;
		};
		40304E851C5E8147008E3EE5 /* Build configuration list for PBXNativeTarget "RedkneeTests" */ = {
			isa = XCConfigurationList;
			buildConfigurations = (
				40304E861C5E8147008E3EE5 /* Debug */,
				40304E871C5E8147008E3EE5 /* Release */,
			);
			defaultConfigurationIsVisible = 0;
			defaultConfigurationName = Release;
		};
		40304E881C5E8147008E3EE5 /* Build configuration list for PBXNativeTarget "RedkneeUITests" */ = {
			isa = XCConfigurationList;
			buildConfigurations = (
				40304E891C5E8147008E3EE5 /* Debug */,
				40304E8A1C5E8147008E3EE5 /* Release */,
			);
			defaultConfigurationIsVisible = 0;
			defaultConfigurationName = Release;
		};
/* End XCConfigurationList section */
	};
	rootObject = 40304E4D1C5E8146008E3EE5 /* Project object */;
}
